{
  "requires": true,
  "lockfileVersion": 1,
  "dependencies": {
    "pofile": {
      "version": "1.0.11",
      "resolved": "https://registry.npmjs.org/pofile/-/pofile-1.0.11.tgz",
      "integrity": "sha512-Vy9eH1dRD9wHjYt/QqXcTz+RnX/zg53xK+KljFSX30PvdDMb2z+c6uDUeblUGqqJgz3QFsdlA0IJvHziPmWtQg=="
    },
    "properties": {
      "version": "1.2.1",
      "resolved": "https://registry.npmjs.org/properties/-/properties-1.2.1.tgz",
      "integrity": "sha1-Dul6f8AgsaKlW4ZZ7aSqjYaQlL0="
    }
  }
}
